
Microsoft Visual Studio Solution File, Format Version 12.00
# Visual Studio 2013
VisualStudioVersion = 12.0.21005.1
MinimumVisualStudioVersion = 10.0.40219.1
Project("{FAE04EC0-301F-11D3-BF4B-00C04F79EFBC}") = "SmartPlayer", "SmartPlayer\SmartPlayer.csproj", "{0E459BE5-F1B4-4112-B635-037DC87DBF27}"
EndProject
Project("{FAE04EC0-301F-11D3-BF4B-00C04F79EFBC}") = "SmartPlayer.Data", "SmartPlayer.Data\SmartPlayer.Data.csproj", "{51458521-AB4E-4192-9251-15B4CF4B1476}"
EndProject
Project("{FAE04EC0-301F-11D3-BF4B-00C04F79EFBC}") = "SmartPlayer.Core", "SmartPlayer.Core\SmartPlayer.Core.csproj", "{9029BDDF-FA4C-48FE-963C-96A6BA8F061F}"
EndProject
Project("{2150E333-8FDC-42A3-9474-1A3956D46DE8}") = ".nuget", ".nuget", "{D010DC03-B607-4685-BDCE-FEEB6563199D}"
	ProjectSection(SolutionItems) = preProject
		.nuget\NuGet.Config = .nuget\NuGet.Config
		.nuget\NuGet.exe = .nuget\NuGet.exe
		.nuget\NuGet.targets = .nuget\NuGet.targets
	EndProjectSection
EndProject
Global
	GlobalSection(SolutionConfigurationPlatforms) = preSolution
		Debug|Any CPU = Debug|Any CPU
		Release|Any CPU = Release|Any CPU
	EndGlobalSection
	GlobalSection(ProjectConfigurationPlatforms) = postSolution
		{0E459BE5-F1B4-4112-B635-037DC87DBF27}.Debug|Any CPU.ActiveCfg = Debug|Any CPU
		{0E459BE5-F1B4-4112-B635-037DC87DBF27}.Debug|Any CPU.Build.0 = Debug|Any CPU
		{0E459BE5-F1B4-4112-B635-037DC87DBF27}.Release|Any CPU.ActiveCfg = Release|Any CPU
		{0E459BE5-F1B4-4112-B635-037DC87DBF27}.Release|Any CPU.Build.0 = Release|Any CPU
		{51458521-AB4E-4192-9251-15B4CF4B1476}.Debug|Any CPU.ActiveCfg = Debug|Any CPU
		{51458521-AB4E-4192-9251-15B4CF4B1476}.Debug|Any CPU.Build.0 = Debug|Any CPU
		{51458521-AB4E-4192-9251-15B4CF4B1476}.Release|Any CPU.ActiveCfg = Release|Any CPU
		{51458521-AB4E-4192-9251-15B4CF4B1476}.Release|Any CPU.Build.0 = Release|Any CPU
		{9029BDDF-FA4C-48FE-963C-96A6BA8F061F}.Debug|Any CPU.ActiveCfg = Debug|Any CPU
		{9029BDDF-FA4C-48FE-963C-96A6BA8F061F}.Debug|Any CPU.Build.0 = Debug|Any CPU
		{9029BDDF-FA4C-48FE-963C-96A6BA8F061F}.Release|Any CPU.ActiveCfg = Release|Any CPU
		{9029BDDF-FA4C-48FE-963C-96A6BA8F061F}.Release|Any CPU.Build.0 = Release|Any CPU
	EndGlobalSection
	GlobalSection(SolutionProperties) = preSolution
		HideSolutionNode = FALSE
	EndGlobalSection
EndGlobal
